
Microsoft Visual Studio Solution File, Format Version 12.00
# Visual Studio Version 16
VisualStudioVersion = 25.0.1706.4
MinimumVisualStudioVersion = 10.0.40219.1
Project("{FAE04EC0-301F-11D3-BF4B-00C04F79EFBC}") = "ECET230Lab8SolarDesktop", "ECET230Lab8SolarDesktop\ECET230Lab8SolarDesktop.csproj", "{2200BC9F-4FD5-42A8-AF9A-822C5B1F217C}"
EndProject
Project("{FAE04EC0-301F-11D3-BF4B-00C04F79EFBC}") = "ECET230Lab8SolarMeadow", "ECET230Lab8SolarMeadow\ECET230Lab8SolarMeadow.csproj", "{E4601265-0D7C-4125-B596-C5EB57493CD6}"
EndProject
Global
	GlobalSection(SolutionConfigurationPlatforms) = preSolution
		Debug|Any CPU = Debug|Any CPU
		Release|Any CPU = Release|Any CPU
	EndGlobalSection
	GlobalSection(ProjectConfigurationPlatforms) = postSolution
		{2200BC9F-4FD5-42A8-AF9A-822C5B1F217C}.Debug|Any CPU.ActiveCfg = Debug|Any CPU
		{2200BC9F-4FD5-42A8-AF9A-822C5B1F217C}.Debug|Any CPU.Build.0 = Debug|Any CPU
		{2200BC9F-4FD5-42A8-AF9A-822C5B1F217C}.Release|Any CPU.ActiveCfg = Release|Any CPU
		{2200BC9F-4FD5-42A8-AF9A-822C5B1F217C}.Release|Any CPU.Build.0 = Release|Any CPU
		{E4601265-0D7C-4125-B596-C5EB57493CD6}.Debug|Any CPU.ActiveCfg = Debug|Any CPU
		{E4601265-0D7C-4125-B596-C5EB57493CD6}.Debug|Any CPU.Build.0 = Debug|Any CPU
		{E4601265-0D7C-4125-B596-C5EB57493CD6}.Release|Any CPU.ActiveCfg = Release|Any CPU
		{E4601265-0D7C-4125-B596-C5EB57493CD6}.Release|Any CPU.Build.0 = Release|Any CPU
	EndGlobalSection
	GlobalSection(SolutionProperties) = preSolution
		HideSolutionNode = FALSE
	EndGlobalSection
	GlobalSection(ExtensibilityGlobals) = postSolution
		SolutionGuid = {13B97EB9-C43E-4DBA-8A85-3DD5DB066A46}
	EndGlobalSection
EndGlobal
